
Microsoft Visual Studio Solution File, Format Version 12.00
# Visual Studio Version 16
VisualStudioVersion = 16.0.30309.148
MinimumVisualStudioVersion = 10.0.40219.1
Project("{2150E333-8FDC-42A3-9474-1A3956D46DE8}") = "Solution Items", "Solution Items", "{54E8F982-7C36-45B7-B512-29D606D75284}"
EndProject
Project("{FAE04EC0-301F-11D3-BF4B-00C04F79EFBC}") = "Observational", "QI_CMS\Observational.csproj", "{A5B16B7D-44D1-4DD6-B525-8F97FDA4EAFE}"
EndProject
Project("{FAE04EC0-301F-11D3-BF4B-00C04F79EFBC}") = "bts.udpgateway", "..\udpserver\bts.udp\bts.udpgateway\bts.udpgateway.csproj", "{C3E57338-9211-4343-AEC1-0551833624EB}"
EndProject
Project("{2150E333-8FDC-42A3-9474-1A3956D46DE8}") = "UdpServer", "UdpServer", "{4B5D5CB3-D641-412C-8B20-F52FD7954FAB}"
EndProject
Project("{FAE04EC0-301F-11D3-BF4B-00C04F79EFBC}") = "bts.udpgateway.integration", "..\udpserver\bts.udp\bts.udpgateway.integration\bts.udpgateway.integration.csproj", "{FF3056FE-CEAE-4FCF-809F-C77E45FFD22D}"
EndProject
Project("{2150E333-8FDC-42A3-9474-1A3956D46DE8}") = "API", "API", "{654B12E5-2FAA-4EBB-906C-7C6BB34BDBFF}"
EndProject
Project("{9A19103F-16F7-4668-BE54-9A1E7A4F7556}") = "CSDL.Core", "..\Web_Api\CSDL.Core\CSDL.Core.csproj", "{A23EB916-5C4F-458F-A914-F12A63FAB899}"
EndProject
Project("{9A19103F-16F7-4668-BE54-9A1E7A4F7556}") = "CSDL.Data", "..\Web_Api\CSDL.Data\CSDL.Data.csproj", "{9309A90D-FB5F-4971-B874-4EC851272F34}"
EndProject
Project("{9A19103F-16F7-4668-BE54-9A1E7A4F7556}") = "CSDL.Service", "..\Web_Api\CSDL.Service\CSDL.Service.csproj", "{E4F340AF-9839-4E2D-96B2-E3E828C30687}"
EndProject
Project("{9A19103F-16F7-4668-BE54-9A1E7A4F7556}") = "CSDL_TTDH", "..\Web_Api\CSDL_TTDH\CSDL_TTDH.csproj", "{716D4A41-4068-4568-B0B1-7A4EA826AF3E}"
EndProject
Global
	GlobalSection(SolutionConfigurationPlatforms) = preSolution
		Debug|Any CPU = Debug|Any CPU
		Release|Any CPU = Release|Any CPU
	EndGlobalSection
	GlobalSection(ProjectConfigurationPlatforms) = postSolution
		{A5B16B7D-44D1-4DD6-B525-8F97FDA4EAFE}.Debug|Any CPU.ActiveCfg = Debug|Any CPU
		{A5B16B7D-44D1-4DD6-B525-8F97FDA4EAFE}.Debug|Any CPU.Build.0 = Debug|Any CPU
		{A5B16B7D-44D1-4DD6-B525-8F97FDA4EAFE}.Release|Any CPU.ActiveCfg = Release|Any CPU
		{A5B16B7D-44D1-4DD6-B525-8F97FDA4EAFE}.Release|Any CPU.Build.0 = Release|Any CPU
		{C3E57338-9211-4343-AEC1-0551833624EB}.Debug|Any CPU.ActiveCfg = Debug|Any CPU
		{C3E57338-9211-4343-AEC1-0551833624EB}.Debug|Any CPU.Build.0 = Debug|Any CPU
		{C3E57338-9211-4343-AEC1-0551833624EB}.Release|Any CPU.ActiveCfg = Release|Any CPU
		{C3E57338-9211-4343-AEC1-0551833624EB}.Release|Any CPU.Build.0 = Release|Any CPU
		{FF3056FE-CEAE-4FCF-809F-C77E45FFD22D}.Debug|Any CPU.ActiveCfg = Debug|Any CPU
		{FF3056FE-CEAE-4FCF-809F-C77E45FFD22D}.Debug|Any CPU.Build.0 = Debug|Any CPU
		{FF3056FE-CEAE-4FCF-809F-C77E45FFD22D}.Release|Any CPU.ActiveCfg = Release|Any CPU
		{FF3056FE-CEAE-4FCF-809F-C77E45FFD22D}.Release|Any CPU.Build.0 = Release|Any CPU
		{A23EB916-5C4F-458F-A914-F12A63FAB899}.Debug|Any CPU.ActiveCfg = Debug|Any CPU
		{A23EB916-5C4F-458F-A914-F12A63FAB899}.Debug|Any CPU.Build.0 = Debug|Any CPU
		{A23EB916-5C4F-458F-A914-F12A63FAB899}.Release|Any CPU.ActiveCfg = Release|Any CPU
		{A23EB916-5C4F-458F-A914-F12A63FAB899}.Release|Any CPU.Build.0 = Release|Any CPU
		{9309A90D-FB5F-4971-B874-4EC851272F34}.Debug|Any CPU.ActiveCfg = Debug|Any CPU
		{9309A90D-FB5F-4971-B874-4EC851272F34}.Debug|Any CPU.Build.0 = Debug|Any CPU
		{9309A90D-FB5F-4971-B874-4EC851272F34}.Release|Any CPU.ActiveCfg = Release|Any CPU
		{9309A90D-FB5F-4971-B874-4EC851272F34}.Release|Any CPU.Build.0 = Release|Any CPU
		{E4F340AF-9839-4E2D-96B2-E3E828C30687}.Debug|Any CPU.ActiveCfg = Debug|Any CPU
		{E4F340AF-9839-4E2D-96B2-E3E828C30687}.Debug|Any CPU.Build.0 = Debug|Any CPU
		{E4F340AF-9839-4E2D-96B2-E3E828C30687}.Release|Any CPU.ActiveCfg = Release|Any CPU
		{E4F340AF-9839-4E2D-96B2-E3E828C30687}.Release|Any CPU.Build.0 = Release|Any CPU
		{716D4A41-4068-4568-B0B1-7A4EA826AF3E}.Debug|Any CPU.ActiveCfg = Debug|Any CPU
		{716D4A41-4068-4568-B0B1-7A4EA826AF3E}.Debug|Any CPU.Build.0 = Debug|Any CPU
		{716D4A41-4068-4568-B0B1-7A4EA826AF3E}.Release|Any CPU.ActiveCfg = Release|Any CPU
		{716D4A41-4068-4568-B0B1-7A4EA826AF3E}.Release|Any CPU.Build.0 = Release|Any CPU
	EndGlobalSection
	GlobalSection(SolutionProperties) = preSolution
		HideSolutionNode = FALSE
	EndGlobalSection
	GlobalSection(NestedProjects) = preSolution
		{C3E57338-9211-4343-AEC1-0551833624EB} = {4B5D5CB3-D641-412C-8B20-F52FD7954FAB}
		{FF3056FE-CEAE-4FCF-809F-C77E45FFD22D} = {4B5D5CB3-D641-412C-8B20-F52FD7954FAB}
		{A23EB916-5C4F-458F-A914-F12A63FAB899} = {654B12E5-2FAA-4EBB-906C-7C6BB34BDBFF}
		{9309A90D-FB5F-4971-B874-4EC851272F34} = {654B12E5-2FAA-4EBB-906C-7C6BB34BDBFF}
		{E4F340AF-9839-4E2D-96B2-E3E828C30687} = {654B12E5-2FAA-4EBB-906C-7C6BB34BDBFF}
		{716D4A41-4068-4568-B0B1-7A4EA826AF3E} = {654B12E5-2FAA-4EBB-906C-7C6BB34BDBFF}
	EndGlobalSection
	GlobalSection(ExtensibilityGlobals) = postSolution
		SolutionGuid = {BD5213B0-86D3-4FF4-93CB-B40498A16769}
	EndGlobalSection
EndGlobal
